
Microsoft Visual Studio Solution File, Format Version 12.00
# Visual Studio 15
VisualStudioVersion = 15.0.34526.175
MinimumVisualStudioVersion = 10.0.40219.1
Project("{FAE04EC0-301F-11D3-BF4B-00C04F79EFBC}") = "LibraryService", "LibraryService\LibraryService.csproj", "{FAB3710D-6DB3-4D72-AFBC-FEFF9A9C1818}"
EndProject
Project("{FAE04EC0-301F-11D3-BF4B-00C04F79EFBC}") = "LibraryServiceTests", "LibraryServiceTests\LibraryServiceTests.csproj", "{AC2EE861-7D35-421B-AEA4-CFB04A774A65}"
EndProject
Global
	GlobalSection(SolutionConfigurationPlatforms) = preSolution
		Debug|Any CPU = Debug|Any CPU
		Release|Any CPU = Release|Any CPU
	EndGlobalSection
	GlobalSection(ProjectConfigurationPlatforms) = postSolution
		{FAB3710D-6DB3-4D72-AFBC-FEFF9A9C1818}.Debug|Any CPU.ActiveCfg = Debug|Any CPU
		{FAB3710D-6DB3-4D72-AFBC-FEFF9A9C1818}.Debug|Any CPU.Build.0 = Debug|Any CPU
		{FAB3710D-6DB3-4D72-AFBC-FEFF9A9C1818}.Release|Any CPU.ActiveCfg = Release|Any CPU
		{FAB3710D-6DB3-4D72-AFBC-FEFF9A9C1818}.Release|Any CPU.Build.0 = Release|Any CPU
		{AC2EE861-7D35-421B-AEA4-CFB04A774A65}.Debug|Any CPU.ActiveCfg = Debug|Any CPU
		{AC2EE861-7D35-421B-AEA4-CFB04A774A65}.Debug|Any CPU.Build.0 = Debug|Any CPU
		{AC2EE861-7D35-421B-AEA4-CFB04A774A65}.Release|Any CPU.ActiveCfg = Release|Any CPU
		{AC2EE861-7D35-421B-AEA4-CFB04A774A65}.Release|Any CPU.Build.0 = Release|Any CPU
	EndGlobalSection
	GlobalSection(SolutionProperties) = preSolution
		HideSolutionNode = FALSE
	EndGlobalSection
	GlobalSection(ExtensibilityGlobals) = postSolution
		SolutionGuid = {76F6552A-5B13-4B6F-811D-240FE988BCF0}
	EndGlobalSection
EndGlobal
